dependencies:
- name: ingress-nginx
  repository: https://kubernetes.github.io/ingress-nginx
  version: 4.0.19
- name: prometheus
  repository: https://prometheus-community.github.io/helm-charts
  version: 15.9.0
digest: sha256:5ea97cfe1c94c6bc67edab8ec1a04a8b6c97675befacd963b4715dc134ed4a03
generated: "2022-05-22T18:22:57.124266599+03:00"
